{
  "object": {
    "pins": [
      {
        "package": "swift-shell",
        "repositoryURL": "https://github.com/S2Ler/swift-shell.git",
        "state": {
          "branch": "master",
          "revision": "a6f90c9b024c2ded0f9713e5ec297db6b07802d2",
          "version": null
        }
      }
    ]
  },
  "version": 1
}
